
Microsoft Visual Studio Solution File, Format Version 12.00
# Visual Studio Version 16
VisualStudioVersion = 16.0.29519.87
MinimumVisualStudioVersion = 10.0.40219.1
Project("{FAE04EC0-301F-11D3-BF4B-00C04F79EFBC}") = "AppSample.Android", "AppSample\AppSample.Android\AppSample.Android.csproj", "{6469C935-0A77-4CE2-97E8-AB00441EF6AA}"
EndProject
Project("{FAE04EC0-301F-11D3-BF4B-00C04F79EFBC}") = "AppSample.iOS", "AppSample\AppSample.iOS\AppSample.iOS.csproj", "{E25485C8-77CC-4C05-9A6D-64384BC6BCC3}"
EndProject
Project("{9A19103F-16F7-4668-BE54-9A1E7A4F7556}") = "AppSample", "AppSample\AppSample\AppSample.csproj", "{8FFFA53A-0C8E-4B1F-BCAB-924A85650989}"
EndProject
Project("{FAE04EC0-301F-11D3-BF4B-00C04F79EFBC}") = "Xamarin.Redux", "Xamarin.Redux\Xamarin.Redux.csproj", "{C93A3B7E-BC38-43BE-B801-B6402BDFE28C}"
EndProject
Global
	GlobalSection(SolutionConfigurationPlatforms) = preSolution
		Debug|Any CPU = Debug|Any CPU
		Debug|iPhone = Debug|iPhone
		Debug|iPhoneSimulator = Debug|iPhoneSimulator
		Release|Any CPU = Release|Any CPU
		Release|iPhone = Release|iPhone
		Release|iPhoneSimulator = Release|iPhoneSimulator
	EndGlobalSection
	GlobalSection(ProjectConfigurationPlatforms) = postSolution
		{6469C935-0A77-4CE2-97E8-AB00441EF6AA}.Debug|Any CPU.ActiveCfg = Debug|Any CPU
		{6469C935-0A77-4CE2-97E8-AB00441EF6AA}.Debug|Any CPU.Build.0 = Debug|Any CPU
		{6469C935-0A77-4CE2-97E8-AB00441EF6AA}.Debug|Any CPU.Deploy.0 = Debug|Any CPU
		{6469C935-0A77-4CE2-97E8-AB00441EF6AA}.Debug|iPhone.ActiveCfg = Debug|Any CPU
		{6469C935-0A77-4CE2-97E8-AB00441EF6AA}.Debug|iPhone.Build.0 = Debug|Any CPU
		{6469C935-0A77-4CE2-97E8-AB00441EF6AA}.Debug|iPhone.Deploy.0 = Debug|Any CPU
		{6469C935-0A77-4CE2-97E8-AB00441EF6AA}.Debug|iPhoneSimulator.ActiveCfg = Debug|Any CPU
		{6469C935-0A77-4CE2-97E8-AB00441EF6AA}.Debug|iPhoneSimulator.Build.0 = Debug|Any CPU
		{6469C935-0A77-4CE2-97E8-AB00441EF6AA}.Debug|iPhoneSimulator.Deploy.0 = Debug|Any CPU
		{6469C935-0A77-4CE2-97E8-AB00441EF6AA}.Release|Any CPU.ActiveCfg = Release|Any CPU
		{6469C935-0A77-4CE2-97E8-AB00441EF6AA}.Release|Any CPU.Build.0 = Release|Any CPU
		{6469C935-0A77-4CE2-97E8-AB00441EF6AA}.Release|Any CPU.Deploy.0 = Release|Any CPU
		{6469C935-0A77-4CE2-97E8-AB00441EF6AA}.Release|iPhone.ActiveCfg = Release|Any CPU
		{6469C935-0A77-4CE2-97E8-AB00441EF6AA}.Release|iPhone.Build.0 = Release|Any CPU
		{6469C935-0A77-4CE2-97E8-AB00441EF6AA}.Release|iPhone.Deploy.0 = Release|Any CPU
		{6469C935-0A77-4CE2-97E8-AB00441EF6AA}.Release|iPhoneSimulator.ActiveCfg = Release|Any CPU
		{6469C935-0A77-4CE2-97E8-AB00441EF6AA}.Release|iPhoneSimulator.Build.0 = Release|Any CPU
		{6469C935-0A77-4CE2-97E8-AB00441EF6AA}.Release|iPhoneSimulator.Deploy.0 = Release|Any CPU
		{E25485C8-77CC-4C05-9A6D-64384BC6BCC3}.Debug|Any CPU.ActiveCfg = Debug|iPhoneSimulator
		{E25485C8-77CC-4C05-9A6D-64384BC6BCC3}.Debug|Any CPU.Build.0 = Debug|iPhoneSimulator
		{E25485C8-77CC-4C05-9A6D-64384BC6BCC3}.Debug|Any CPU.Deploy.0 = Debug|iPhoneSimulator
		{E25485C8-77CC-4C05-9A6D-64384BC6BCC3}.Debug|iPhone.ActiveCfg = Debug|iPhone
		{E25485C8-77CC-4C05-9A6D-64384BC6BCC3}.Debug|iPhone.Build.0 = Debug|iPhone
		{E25485C8-77CC-4C05-9A6D-64384BC6BCC3}.Debug|iPhone.Deploy.0 = Debug|iPhone
		{E25485C8-77CC-4C05-9A6D-64384BC6BCC3}.Debug|iPhoneSimulator.ActiveCfg = Debug|iPhoneSimulator
		{E25485C8-77CC-4C05-9A6D-64384BC6BCC3}.Debug|iPhoneSimulator.Build.0 = Debug|iPhoneSimulator
		{E25485C8-77CC-4C05-9A6D-64384BC6BCC3}.Debug|iPhoneSimulator.Deploy.0 = Debug|iPhoneSimulator
		{E25485C8-77CC-4C05-9A6D-64384BC6BCC3}.Release|Any CPU.ActiveCfg = Release|iPhone
		{E25485C8-77CC-4C05-9A6D-64384BC6BCC3}.Release|Any CPU.Build.0 = Release|iPhone
		{E25485C8-77CC-4C05-9A6D-64384BC6BCC3}.Release|Any CPU.Deploy.0 = Release|iPhone
		{E25485C8-77CC-4C05-9A6D-64384BC6BCC3}.Release|iPhone.ActiveCfg = Release|iPhone
		{E25485C8-77CC-4C05-9A6D-64384BC6BCC3}.Release|iPhone.Build.0 = Release|iPhone
		{E25485C8-77CC-4C05-9A6D-64384BC6BCC3}.Release|iPhone.Deploy.0 = Release|iPhone
		{E25485C8-77CC-4C05-9A6D-64384BC6BCC3}.Release|iPhoneSimulator.ActiveCfg = Release|iPhoneSimulator
		{E25485C8-77CC-4C05-9A6D-64384BC6BCC3}.Release|iPhoneSimulator.Build.0 = Release|iPhoneSimulator
		{E25485C8-77CC-4C05-9A6D-64384BC6BCC3}.Release|iPhoneSimulator.Deploy.0 = Release|iPhoneSimulator
		{8FFFA53A-0C8E-4B1F-BCAB-924A85650989}.Debug|Any CPU.ActiveCfg = Debug|Any CPU
		{8FFFA53A-0C8E-4B1F-BCAB-924A85650989}.Debug|Any CPU.Build.0 = Debug|Any CPU
		{8FFFA53A-0C8E-4B1F-BCAB-924A85650989}.Debug|Any CPU.Deploy.0 = Debug|Any CPU
		{8FFFA53A-0C8E-4B1F-BCAB-924A85650989}.Debug|iPhone.ActiveCfg = Debug|Any CPU
		{8FFFA53A-0C8E-4B1F-BCAB-924A85650989}.Debug|iPhone.Build.0 = Debug|Any CPU
		{8FFFA53A-0C8E-4B1F-BCAB-924A85650989}.Debug|iPhone.Deploy.0 = Debug|Any CPU
		{8FFFA53A-0C8E-4B1F-BCAB-924A85650989}.Debug|iPhoneSimulator.ActiveCfg = Debug|Any CPU
		{8FFFA53A-0C8E-4B1F-BCAB-924A85650989}.Debug|iPhoneSimulator.Build.0 = Debug|Any CPU
		{8FFFA53A-0C8E-4B1F-BCAB-924A85650989}.Debug|iPhoneSimulator.Deploy.0 = Debug|Any CPU
		{8FFFA53A-0C8E-4B1F-BCAB-924A85650989}.Release|Any CPU.ActiveCfg = Release|Any CPU
		{8FFFA53A-0C8E-4B1F-BCAB-924A85650989}.Release|Any CPU.Build.0 = Release|Any CPU
		{8FFFA53A-0C8E-4B1F-BCAB-924A85650989}.Release|Any CPU.Deploy.0 = Release|Any CPU
		{8FFFA53A-0C8E-4B1F-BCAB-924A85650989}.Release|iPhone.ActiveCfg = Release|Any CPU
		{8FFFA53A-0C8E-4B1F-BCAB-924A85650989}.Release|iPhone.Build.0 = Release|Any CPU
		{8FFFA53A-0C8E-4B1F-BCAB-924A85650989}.Release|iPhone.Deploy.0 = Release|Any CPU
		{8FFFA53A-0C8E-4B1F-BCAB-924A85650989}.Release|iPhoneSimulator.ActiveCfg = Release|Any CPU
		{8FFFA53A-0C8E-4B1F-BCAB-924A85650989}.Release|iPhoneSimulator.Build.0 = Release|Any CPU
		{8FFFA53A-0C8E-4B1F-BCAB-924A85650989}.Release|iPhoneSimulator.Deploy.0 = Release|Any CPU
		{C93A3B7E-BC38-43BE-B801-B6402BDFE28C}.Debug|Any CPU.ActiveCfg = Debug|Any CPU
		{C93A3B7E-BC38-43BE-B801-B6402BDFE28C}.Debug|Any CPU.Build.0 = Debug|Any CPU
		{C93A3B7E-BC38-43BE-B801-B6402BDFE28C}.Debug|iPhone.ActiveCfg = Debug|Any CPU
		{C93A3B7E-BC38-43BE-B801-B6402BDFE28C}.Debug|iPhone.Build.0 = Debug|Any CPU
		{C93A3B7E-BC38-43BE-B801-B6402BDFE28C}.Debug|iPhoneSimulator.ActiveCfg = Debug|Any CPU
		{C93A3B7E-BC38-43BE-B801-B6402BDFE28C}.Debug|iPhoneSimulator.Build.0 = Debug|Any CPU
		{C93A3B7E-BC38-43BE-B801-B6402BDFE28C}.Release|Any CPU.ActiveCfg = Release|Any CPU
		{C93A3B7E-BC38-43BE-B801-B6402BDFE28C}.Release|Any CPU.Build.0 = Release|Any CPU
		{C93A3B7E-BC38-43BE-B801-B6402BDFE28C}.Release|iPhone.ActiveCfg = Release|Any CPU
		{C93A3B7E-BC38-43BE-B801-B6402BDFE28C}.Release|iPhone.Build.0 = Release|Any CPU
		{C93A3B7E-BC38-43BE-B801-B6402BDFE28C}.Release|iPhoneSimulator.ActiveCfg = Release|Any CPU
		{C93A3B7E-BC38-43BE-B801-B6402BDFE28C}.Release|iPhoneSimulator.Build.0 = Release|Any CPU
	EndGlobalSection
	GlobalSection(SolutionProperties) = preSolution
		HideSolutionNode = FALSE
	EndGlobalSection
	GlobalSection(ExtensibilityGlobals) = postSolution
		SolutionGuid = {749863FB-D241-444A-AC9C-A9762CF421CF}
	EndGlobalSection
EndGlobal
